
Microsoft Visual Studio Solution File, Format Version 12.00
# Visual Studio Version 17
VisualStudioVersion = 17.4.33213.308
MinimumVisualStudioVersion = 10.0.40219.1
Project("{FAE04EC0-301F-11D3-BF4B-00C04F79EFBC}") = "SkillsVRCodeFirst", "SkillsVRCodeFirst.csproj", "{B38DF720-73FA-4324-B3DC-430B6175E292}"
EndProject
Global
	GlobalSection(SolutionConfigurationPlatforms) = preSolution
		Debug|Any CPU = Debug|Any CPU
		Release|Any CPU = Release|Any CPU
	EndGlobalSection
	GlobalSection(ProjectConfigurationPlatforms) = postSolution
		{B38DF720-73FA-4324-B3DC-430B6175E292}.Debug|Any CPU.ActiveCfg = Debug|Any CPU
		{B38DF720-73FA-4324-B3DC-430B6175E292}.Debug|Any CPU.Build.0 = Debug|Any CPU
		{B38DF720-73FA-4324-B3DC-430B6175E292}.Release|Any CPU.ActiveCfg = Release|Any CPU
		{B38DF720-73FA-4324-B3DC-430B6175E292}.Release|Any CPU.Build.0 = Release|Any CPU
	EndGlobalSection
	GlobalSection(SolutionProperties) = preSolution
		HideSolutionNode = FALSE
	EndGlobalSection
	GlobalSection(ExtensibilityGlobals) = postSolution
		SolutionGuid = {2D38DD2E-6E41-4C3B-95AD-36E62055BE8D}
	EndGlobalSection
EndGlobal
